
Microsoft Visual Studio Solution File, Format Version 12.00
# Visual Studio Version 17
VisualStudioVersion = 17.14.36518.9
MinimumVisualStudioVersion = 10.0.40219.1
Project("{FAE04EC0-301F-11D3-BF4B-00C04F79EFBC}") = "SignalRAngularDemo", "SignalRAngularDemo\SignalRAngularDemo.csproj", "{930966A9-0445-4681-9C88-CB0DF1B7A6D5}"
EndProject
Project("{9092AA53-FB77-4645-B42D-1CCCA6BD08BD}") = "CleverWareAngularApp", "AngularApp\CleverWareAngularApp.njsproj", "{7E4CCB49-18D8-4B43-963A-588271D4499D}"
EndProject
Global
	GlobalSection(SolutionConfigurationPlatforms) = preSolution
		Debug|Any CPU = Debug|Any CPU
		Release|Any CPU = Release|Any CPU
	EndGlobalSection
	GlobalSection(ProjectConfigurationPlatforms) = postSolution
		{930966A9-0445-4681-9C88-CB0DF1B7A6D5}.Debug|Any CPU.ActiveCfg = Debug|Any CPU
		{930966A9-0445-4681-9C88-CB0DF1B7A6D5}.Debug|Any CPU.Build.0 = Debug|Any CPU
		{930966A9-0445-4681-9C88-CB0DF1B7A6D5}.Release|Any CPU.ActiveCfg = Release|Any CPU
		{930966A9-0445-4681-9C88-CB0DF1B7A6D5}.Release|Any CPU.Build.0 = Release|Any CPU
		{7E4CCB49-18D8-4B43-963A-588271D4499D}.Debug|Any CPU.ActiveCfg = Debug|Any CPU
		{7E4CCB49-18D8-4B43-963A-588271D4499D}.Debug|Any CPU.Build.0 = Debug|Any CPU
		{7E4CCB49-18D8-4B43-963A-588271D4499D}.Release|Any CPU.ActiveCfg = Release|Any CPU
		{7E4CCB49-18D8-4B43-963A-588271D4499D}.Release|Any CPU.Build.0 = Release|Any CPU
	EndGlobalSection
	GlobalSection(SolutionProperties) = preSolution
		HideSolutionNode = FALSE
	EndGlobalSection
	GlobalSection(ExtensibilityGlobals) = postSolution
		SolutionGuid = {32674C6C-1BE4-4E94-B211-2FDD97E5E208}
	EndGlobalSection
EndGlobal
